
Microsoft Visual Studio Solution File, Format Version 12.00
# Visual Studio 14
VisualStudioVersion = 14.0.25420.1
MinimumVisualStudioVersion = 10.0.40219.1
Project("{FAE04EC0-301F-11D3-BF4B-00C04F79EFBC}") = "JiraTool_FillingCustomerFullNames", "JiraTool_FillingCustomerFullNames\JiraTool_FillingCustomerFullNames.csproj", "{CC917706-36F0-48CB-B7A4-0605D7907688}"
EndProject
Global
	GlobalSection(SolutionConfigurationPlatforms) = preSolution
		Debug|Any CPU = Debug|Any CPU
		Release|Any CPU = Release|Any CPU
	EndGlobalSection
	GlobalSection(ProjectConfigurationPlatforms) = postSolution
		{CC917706-36F0-48CB-B7A4-0605D7907688}.Debug|Any CPU.ActiveCfg = Debug|Any CPU
		{CC917706-36F0-48CB-B7A4-0605D7907688}.Debug|Any CPU.Build.0 = Debug|Any CPU
		{CC917706-36F0-48CB-B7A4-0605D7907688}.Release|Any CPU.ActiveCfg = Release|Any CPU
		{CC917706-36F0-48CB-B7A4-0605D7907688}.Release|Any CPU.Build.0 = Release|Any CPU
	EndGlobalSection
	GlobalSection(SolutionProperties) = preSolution
		HideSolutionNode = FALSE
	EndGlobalSection
EndGlobal
